
Microsoft Visual Studio Solution File, Format Version 12.00
# Visual Studio Version 17
VisualStudioVersion = 17.0.31903.59
MinimumVisualStudioVersion = 10.0.40219.1
Project("{FAE04EC0-301F-11D3-BF4B-00C04F79EFBC}") = "lab-2", "lab-2.csproj", "{49CBFD8B-6E26-43F3-92FE-95F57BD84BCF}"
EndProject
Global
	GlobalSection(SolutionConfigurationPlatforms) = preSolution
		Debug|Any CPU = Debug|Any CPU
		Release|Any CPU = Release|Any CPU
	EndGlobalSection
	GlobalSection(ProjectConfigurationPlatforms) = postSolution
		{49CBFD8B-6E26-43F3-92FE-95F57BD84BCF}.Debug|Any CPU.ActiveCfg = Debug|Any CPU
		{49CBFD8B-6E26-43F3-92FE-95F57BD84BCF}.Debug|Any CPU.Build.0 = Debug|Any CPU
		{49CBFD8B-6E26-43F3-92FE-95F57BD84BCF}.Release|Any CPU.ActiveCfg = Release|Any CPU
		{49CBFD8B-6E26-43F3-92FE-95F57BD84BCF}.Release|Any CPU.Build.0 = Release|Any CPU
	EndGlobalSection
	GlobalSection(SolutionProperties) = preSolution
		HideSolutionNode = FALSE
	EndGlobalSection
	GlobalSection(ExtensibilityGlobals) = postSolution
		SolutionGuid = {2BCFC004-899F-4F27-BD0D-C704F6A4CD47}
	EndGlobalSection
EndGlobal
